
Microsoft Visual Studio Solution File, Format Version 12.00
Project("{FAE04EC0-301F-11D3-BF4B-00C04F79EFBC}") = "ConsoleExample", "ConsoleExample\ConsoleExample.csproj", "{DACEAAD7-4CA8-4C08-853B-460BB6ABE610}"
EndProject
Project("{FAE04EC0-301F-11D3-BF4B-00C04F79EFBC}") = "ConsoleFirstSlice", "ConsoleFirstSlice\ConsoleFirstSlice.csproj", "{80F3E7DE-023C-4D44-999C-A019A6CF6DE2}"
EndProject
Project("{FAE04EC0-301F-11D3-BF4B-00C04F79EFBC}") = "ConsoleExtras", "ConsoleExtras\ConsoleExtras.csproj", "{08FE83B8-8AEF-46F4-BD26-EF5EF62B4C94}"
EndProject
Project("{FAE04EC0-301F-11D3-BF4B-00C04F79EFBC}") = "ConsoleAllSteps", "ConsoleAllSteps\ConsoleAllSteps.csproj", "{2BBDFD40-82F6-44C8-867F-FB00128E5AC0}"
EndProject
Global
	GlobalSection(SolutionConfigurationPlatforms) = preSolution
		Debug|Any CPU = Debug|Any CPU
		Release|Any CPU = Release|Any CPU
	EndGlobalSection
	GlobalSection(ProjectConfigurationPlatforms) = postSolution
		{DACEAAD7-4CA8-4C08-853B-460BB6ABE610}.Debug|Any CPU.ActiveCfg = Debug|Any CPU
		{DACEAAD7-4CA8-4C08-853B-460BB6ABE610}.Debug|Any CPU.Build.0 = Debug|Any CPU
		{DACEAAD7-4CA8-4C08-853B-460BB6ABE610}.Release|Any CPU.ActiveCfg = Release|Any CPU
		{DACEAAD7-4CA8-4C08-853B-460BB6ABE610}.Release|Any CPU.Build.0 = Release|Any CPU
		{80F3E7DE-023C-4D44-999C-A019A6CF6DE2}.Debug|Any CPU.ActiveCfg = Debug|Any CPU
		{80F3E7DE-023C-4D44-999C-A019A6CF6DE2}.Debug|Any CPU.Build.0 = Debug|Any CPU
		{80F3E7DE-023C-4D44-999C-A019A6CF6DE2}.Release|Any CPU.ActiveCfg = Release|Any CPU
		{80F3E7DE-023C-4D44-999C-A019A6CF6DE2}.Release|Any CPU.Build.0 = Release|Any CPU
		{08FE83B8-8AEF-46F4-BD26-EF5EF62B4C94}.Debug|Any CPU.ActiveCfg = Debug|Any CPU
		{08FE83B8-8AEF-46F4-BD26-EF5EF62B4C94}.Debug|Any CPU.Build.0 = Debug|Any CPU
		{08FE83B8-8AEF-46F4-BD26-EF5EF62B4C94}.Release|Any CPU.ActiveCfg = Release|Any CPU
		{08FE83B8-8AEF-46F4-BD26-EF5EF62B4C94}.Release|Any CPU.Build.0 = Release|Any CPU
		{2BBDFD40-82F6-44C8-867F-FB00128E5AC0}.Debug|Any CPU.ActiveCfg = Debug|Any CPU
		{2BBDFD40-82F6-44C8-867F-FB00128E5AC0}.Debug|Any CPU.Build.0 = Debug|Any CPU
		{2BBDFD40-82F6-44C8-867F-FB00128E5AC0}.Release|Any CPU.ActiveCfg = Release|Any CPU
		{2BBDFD40-82F6-44C8-867F-FB00128E5AC0}.Release|Any CPU.Build.0 = Release|Any CPU
	EndGlobalSection
EndGlobal
